{
  "name": "webinfo",
  "version": "1.0.0",
  "lockfileVersion": 1,
  "requires": true,
  "dependencies": {
    "bootstrap-icons": {
      "version": "1.4.1",
      "resolved": "https://registry.npmjs.org/bootstrap-icons/-/bootstrap-icons-1.4.1.tgz",
      "integrity": "sha512-EcATaAGsRgyy4NtnwXlNzkgWttpb6PqcXCoLtZZKdZtAYJU/WYqoQFxuGFKAppOlf7NmKpvGtSsC/921H7LIjg=="
    },
    "highlightjs": {
      "version": "9.16.2",
      "resolved": "https://registry.npmjs.org/highlightjs/-/highlightjs-9.16.2.tgz",
      "integrity": "sha512-FK1vmMj8BbEipEy8DLIvp71t5UsC7n2D6En/UfM/91PCwmOpj6f2iu0Y0coRC62KSRHHC+dquM2xMULV/X7NFg=="
    }
  }
}
